// !$*UTF8*$!
{
	archiveVersion = 1;
	classes = {
	};
	objectVersion = 56;
	objects = {

/* Begin PBXBuildFile section */
		045E3F99297D0217003351A7 /* EmptyStateView.swift in Sources */ = {isa = PBXBuildFile; fileRef = 045E3F98297D0217003351A7 /* EmptyStateView.swift */; };
		045E3F9B297D02C2003351A7 /* ErrorStateView.swift in Sources */ = {isa = PBXBuildFile; fileRef = 045E3F9A297D02C2003351A7 /* ErrorStateView.swift */; };
		045E3F9D297D03FC003351A7 /* LoadingStateView.swift in Sources */ = {isa = PBXBuildFile; fileRef = 045E3F9C297D03FC003351A7 /* LoadingStateView.swift */; };
		045E3FA0297D0477003351A7 /* AppViewModel.swift in Sources */ = {isa = PBXBuildFile; fileRef = 045E3F9F297D0477003351A7 /* AppViewModel.swift */; };
		045E3FA3297D050D003351A7 /* Stubs.swift in Sources */ = {isa = PBXBuildFile; fileRef = 045E3FA2297D050D003351A7 /* Stubs.swift */; };
		045E3FA5297D05E2003351A7 /* MockStocksAPI.swift in Sources */ = {isa = PBXBuildFile; fileRef = 045E3FA4297D05E2003351A7 /* MockStocksAPI.swift */; };
		045E3FA7297D061D003351A7 /* MockTickerListRepository.swift in Sources */ = {isa = PBXBuildFile; fileRef = 045E3FA6297D061D003351A7 /* MockTickerListRepository.swift */; };
		045E3FA9297D0842003351A7 /* QuotesViewModel.swift in Sources */ = {isa = PBXBuildFile; fileRef = 045E3FA8297D0842003351A7 /* QuotesViewModel.swift */; };
		045E3FAB297D08AD003351A7 /* Utils.swift in Sources */ = {isa = PBXBuildFile; fileRef = 045E3FAA297D08AD003351A7 /* Utils.swift */; };
		045E3FAE297D0985003351A7 /* Quote+Extensions.swift in Sources */ = {isa = PBXBuildFile; fileRef = 045E3FAD297D0985003351A7 /* Quote+Extensions.swift */; };
		045FD51C29801A1E0045DB65 /* FetchPhase.swift in Sources */ = {isa = PBXBuildFile; fileRef = 045FD51B29801A1E0045DB65 /* FetchPhase.swift */; };
		045FD51E29801B4C0045DB65 /* SearchViewModel.swift in Sources */ = {isa = PBXBuildFile; fileRef = 045FD51D29801B4C0045DB65 /* SearchViewModel.swift */; };
		045FD52029801FD80045DB65 /* SearchView.swift in Sources */ = {isa = PBXBuildFile; fileRef = 045FD51F29801FD80045DB65 /* SearchView.swift */; };
		04C05EAB297CF11400E56BE0 /* SwiftChartStocksApp.swift in Sources */ = {isa = PBXBuildFile; fileRef = 04C05EAA297CF11400E56BE0 /* SwiftChartStocksApp.swift */; };
		04C05EAD297CF11400E56BE0 /* MainListView.swift in Sources */ = {isa = PBXBuildFile; fileRef = 04C05EAC297CF11400E56BE0 /* MainListView.swift */; };
		04C05EAF297CF11600E56BE0 /* Assets.xcassets in Resources */ = {isa = PBXBuildFile; fileRef = 04C05EAE297CF11600E56BE0 /* Assets.xcassets */; };
		04C05EB2297CF11600E56BE0 /* Preview Assets.xcassets in Resources */ = {isa = PBXBuildFile; fileRef = 04C05EB1297CF11600E56BE0 /* Preview Assets.xcassets */; };
		04C05EBA297CF16F00E56BE0 /* XCAStocksAPI in Frameworks */ = {isa = PBXBuildFile; productRef = 04C05EB9297CF16F00E56BE0 /* XCAStocksAPI */; };
		04C05EBE297CF82000E56BE0 /* TickerListRowData.swift in Sources */ = {isa = PBXBuildFile; fileRef = 04C05EBD297CF82000E56BE0 /* TickerListRowData.swift */; };
		04C05EC1297CF8EA00E56BE0 /* TickerListRowView.swift in Sources */ = {isa = PBXBuildFile; fileRef = 04C05EC0297CF8EA00E56BE0 /* TickerListRowView.swift */; };
/* End PBXBuildFile section */

/* Begin PBXFileReference section */
		045E3F98297D0217003351A7 /* EmptyStateView.swift */ = {isa = PBXFileReference; lastKnownFileType = sourcecode.swift; path = EmptyStateView.swift; sourceTree = "<group>"; };
		045E3F9A297D02C2003351A7 /* ErrorStateView.swift */ = {isa = PBXFileReference; lastKnownFileType = sourcecode.swift; path = ErrorStateView.swift; sourceTree = "<group>"; };
		045E3F9C297D03FC003351A7 /* LoadingStateView.swift */ = {isa = PBXFileReference; lastKnownFileType = sourcecode.swift; path = LoadingStateView.swift; sourceTree = "<group>"; };
		045E3F9F297D0477003351A7 /* AppViewModel.swift */ = {isa = PBXFileReference; lastKnownFileType = sourcecode.swift; path = AppViewModel.swift; sourceTree = "<group>"; };
		045E3FA2297D050D003351A7 /* Stubs.swift */ = {isa = PBXFileReference; lastKnownFileType = sourcecode.swift; path = Stubs.swift; sourceTree = "<group>"; };
		045E3FA4297D05E2003351A7 /* MockStocksAPI.swift */ = {isa = PBXFileReference; lastKnownFileType = sourcecode.swift; path = MockStocksAPI.swift; sourceTree = "<group>"; };
		045E3FA6297D061D003351A7 /* MockTickerListRepository.swift */ = {isa = PBXFileReference; lastKnownFileType = sourcecode.swift; path = MockTickerListRepository.swift; sourceTree = "<group>"; };
		045E3FA8297D0842003351A7 /* QuotesViewModel.swift */ = {isa = PBXFileReference; lastKnownFileType = sourcecode.swift; path = QuotesViewModel.swift; sourceTree = "<group>"; };
		045E3FAA297D08AD003351A7 /* Utils.swift */ = {isa = PBXFileReference; lastKnownFileType = sourcecode.swift; path = Utils.swift; sourceTree = "<group>"; };
		045E3FAD297D0985003351A7 /* Quote+Extensions.swift */ = {isa = PBXFileReference; lastKnownFileType = sourcecode.swift; path = "Quote+Extensions.swift"; sourceTree = "<group>"; };
		045FD51B29801A1E0045DB65 /* FetchPhase.swift */ = {isa = PBXFileReference; lastKnownFileType = sourcecode.swift; path = FetchPhase.swift; sourceTree = "<group>"; };
		045FD51D29801B4C0045DB65 /* SearchViewModel.swift */ = {isa = PBXFileReference; lastKnownFileType = sourcecode.swift; path = SearchViewModel.swift; sourceTree = "<group>"; };
		045FD51F29801FD80045DB65 /* SearchView.swift */ = {isa = PBXFileReference; lastKnownFileType = sourcecode.swift; path = SearchView.swift; sourceTree = "<group>"; };
		04C05EA7297CF11400E56BE0 /* SwiftChartStocks.app */ = {isa = PBXFileReference; explicitFileType = wrapper.application; includeInIndex = 0; path = SwiftChartStocks.app; sourceTree = BUILT_PRODUCTS_DIR; };
		04C05EAA297CF11400E56BE0 /* SwiftChartStocksApp.swift */ = {isa = PBXFileReference; lastKnownFileType = sourcecode.swift; path = SwiftChartStocksApp.swift; sourceTree = "<group>"; };
		04C05EAC297CF11400E56BE0 /* MainListView.swift */ = {isa = PBXFileReference; lastKnownFileType = sourcecode.swift; path = MainListView.swift; sourceTree = "<group>"; };
		04C05EAE297CF11600E56BE0 /* Assets.xcassets */ = {isa = PBXFileReference; lastKnownFileType = folder.assetcatalog; path = Assets.xcassets; sourceTree = "<group>"; };
		04C05EB1297CF11600E56BE0 /* Preview Assets.xcassets */ = {isa = PBXFileReference; lastKnownFileType = folder.assetcatalog; path = "Preview Assets.xcassets"; sourceTree = "<group>"; };
		04C05EBD297CF82000E56BE0 /* TickerListRowData.swift */ = {isa = PBXFileReference; lastKnownFileType = sourcecode.swift; path = TickerListRowData.swift; sourceTree = "<group>"; };
		04C05EC0297CF8EA00E56BE0 /* TickerListRowView.swift */ = {isa = PBXFileReference; lastKnownFileType = sourcecode.swift; path = TickerListRowView.swift; sourceTree = "<group>"; };
/* End PBXFileReference section */

/* Begin PBXFrameworksBuildPhase section */
		04C05EA4297CF11400E56BE0 /* Frameworks */ = {
			isa = PBXFrameworksBuildPhase;
			buildActionMask = 2147483647;
			files = (
				04C05EBA297CF16F00E56BE0 /* XCAStocksAPI in Frameworks */,
			);
			runOnlyForDeploymentPostprocessing = 0;
		};
/* End PBXFrameworksBuildPhase section */

/* Begin PBXGroup section */
		045E3F97297D0205003351A7 /* Common */ = {
			isa = PBXGroup;
			children = (
				045E3F98297D0217003351A7 /* EmptyStateView.swift */,
				045E3F9A297D02C2003351A7 /* ErrorStateView.swift */,
				045E3F9C297D03FC003351A7 /* LoadingStateView.swift */,
			);
			path = Common;
			sourceTree = "<group>";
		};
		045E3F9E297D0468003351A7 /* ViewModels */ = {
			isa = PBXGroup;
			children = (
				045E3F9F297D0477003351A7 /* AppViewModel.swift */,
				045E3FA8297D0842003351A7 /* QuotesViewModel.swift */,
				045FD51D29801B4C0045DB65 /* SearchViewModel.swift */,
			);
			path = ViewModels;
			sourceTree = "<group>";
		};
		045E3FA1297D04EF003351A7 /* Mocks & Stubs */ = {
			isa = PBXGroup;
			children = (
				045E3FA2297D050D003351A7 /* Stubs.swift */,
				045E3FA4297D05E2003351A7 /* MockStocksAPI.swift */,
				045E3FA6297D061D003351A7 /* MockTickerListRepository.swift */,
			);
			path = "Mocks & Stubs";
			sourceTree = "<group>";
		};
		045E3FAC297D0979003351A7 /* Extensions */ = {
			isa = PBXGroup;
			children = (
				045E3FAD297D0985003351A7 /* Quote+Extensions.swift */,
			);
			path = Extensions;
			sourceTree = "<group>";
		};
		04C05E9E297CF11400E56BE0 = {
			isa = PBXGroup;
			children = (
				04C05EA9297CF11400E56BE0 /* SwiftChartStocks */,
				04C05EA8297CF11400E56BE0 /* Products */,
			);
			sourceTree = "<group>";
		};
		04C05EA8297CF11400E56BE0 /* Products */ = {
			isa = PBXGroup;
			children = (
				04C05EA7297CF11400E56BE0 /* SwiftChartStocks.app */,
			);
			name = Products;
			sourceTree = "<group>";
		};
		04C05EA9297CF11400E56BE0 /* SwiftChartStocks */ = {
			isa = PBXGroup;
			children = (
				045E3FAC297D0979003351A7 /* Extensions */,
				045E3F9E297D0468003351A7 /* ViewModels */,
				04C05EBF297CF8DE00E56BE0 /* Views */,
				04C05EBC297CF80800E56BE0 /* Models */,
				04C05EAE297CF11600E56BE0 /* Assets.xcassets */,
				045E3FA1297D04EF003351A7 /* Mocks & Stubs */,
				04C05EB0297CF11600E56BE0 /* Preview Content */,
				045E3FAA297D08AD003351A7 /* Utils.swift */,
				04C05EAA297CF11400E56BE0 /* SwiftChartStocksApp.swift */,
			);
			path = SwiftChartStocks;
			sourceTree = "<group>";
		};
		04C05EB0297CF11600E56BE0 /* Preview Content */ = {
			isa = PBXGroup;
			children = (
				04C05EB1297CF11600E56BE0 /* Preview Assets.xcassets */,
			);
			path = "Preview Content";
			sourceTree = "<group>";
		};
		04C05EBC297CF80800E56BE0 /* Models */ = {
			isa = PBXGroup;
			children = (
				04C05EBD297CF82000E56BE0 /* TickerListRowData.swift */,
				045FD51B29801A1E0045DB65 /* FetchPhase.swift */,
			);
			path = Models;
			sourceTree = "<group>";
		};
		04C05EBF297CF8DE00E56BE0 /* Views */ = {
			isa = PBXGroup;
			children = (
				04C05EAC297CF11400E56BE0 /* MainListView.swift */,
				045E3F97297D0205003351A7 /* Common */,
				04C05EC0297CF8EA00E56BE0 /* TickerListRowView.swift */,
				045FD51F29801FD80045DB65 /* SearchView.swift */,
			);
			path = Views;
			sourceTree = "<group>";
		};
/* End PBXGroup section */

/* Begin PBXNativeTarget section */
		04C05EA6297CF11400E56BE0 /* SwiftChartStocks */ = {
			isa = PBXNativeTarget;
			buildConfigurationList = 04C05EB5297CF11600E56BE0 /* Build configuration list for PBXNativeTarget "SwiftChartStocks" */;
			buildPhases = (
				04C05EA3297CF11400E56BE0 /* Sources */,
				04C05EA4297CF11400E56BE0 /* Frameworks */,
				04C05EA5297CF11400E56BE0 /* Resources */,
			);
			buildRules = (
			);
			dependencies = (
			);
			name = SwiftChartStocks;
			packageProductDependencies = (
				04C05EB9297CF16F00E56BE0 /* XCAStocksAPI */,
			);
			productName = SwiftChartStocks;
			productReference = 04C05EA7297CF11400E56BE0 /* SwiftChartStocks.app */;
			productType = "com.apple.product-type.application";
		};
/* End PBXNativeTarget section */

/* Begin PBXProject section */
		04C05E9F297CF11400E56BE0 /* Project object */ = {
			isa = PBXProject;
			attributes = {
				BuildIndependentTargetsInParallel = 1;
				LastSwiftUpdateCheck = 1420;
				LastUpgradeCheck = 1420;
				TargetAttributes = {
					04C05EA6297CF11400E56BE0 = {
						CreatedOnToolsVersion = 14.2;
					};
				};
			};
			buildConfigurationList = 04C05EA2297CF11400E56BE0 /* Build configuration list for PBXProject "SwiftChartStocks" */;
			compatibilityVersion = "Xcode 14.0";
			developmentRegion = en;
			hasScannedForEncodings = 0;
			knownRegions = (
				en,
				Base,
			);
			mainGroup = 04C05E9E297CF11400E56BE0;
			packageReferences = (
				04C05EB8297CF16E00E56BE0 /* XCRemoteSwiftPackageReference "XCAStocksAPI" */,
			);
			productRefGroup = 04C05EA8297CF11400E56BE0 /* Products */;
			projectDirPath = "";
			projectRoot = "";
			targets = (
				04C05EA6297CF11400E56BE0 /* SwiftChartStocks */,
			);
		};
/* End PBXProject section */

/* Begin PBXResourcesBuildPhase section */
		04C05EA5297CF11400E56BE0 /* Resources */ = {
			isa = PBXResourcesBuildPhase;
			buildActionMask = 2147483647;
			files = (
				04C05EB2297CF11600E56BE0 /* Preview Assets.xcassets in Resources */,
				04C05EAF297CF11600E56BE0 /* Assets.xcassets in Resources */,
			);
			runOnlyForDeploymentPostprocessing = 0;
		};
/* End PBXResourcesBuildPhase section */

/* Begin PBXSourcesBuildPhase section */
		04C05EA3297CF11400E56BE0 /* Sources */ = {
			isa = PBXSourcesBuildPhase;
			buildActionMask = 2147483647;
			files = (
				045E3FA3297D050D003351A7 /* Stubs.swift in Sources */,
				045E3FA9297D0842003351A7 /* QuotesViewModel.swift in Sources */,
				045FD51E29801B4C0045DB65 /* SearchViewModel.swift in Sources */,
				045E3FAE297D0985003351A7 /* Quote+Extensions.swift in Sources */,
				045E3FA5297D05E2003351A7 /* MockStocksAPI.swift in Sources */,
				045E3F9D297D03FC003351A7 /* LoadingStateView.swift in Sources */,
				045FD52029801FD80045DB65 /* SearchView.swift in Sources */,
				04C05EAD297CF11400E56BE0 /* MainListView.swift in Sources */,
				045E3FAB297D08AD003351A7 /* Utils.swift in Sources */,
				045E3FA0297D0477003351A7 /* AppViewModel.swift in Sources */,
				04C05EAB297CF11400E56BE0 /* SwiftChartStocksApp.swift in Sources */,
				045E3F99297D0217003351A7 /* EmptyStateView.swift in Sources */,
				045FD51C29801A1E0045DB65 /* FetchPhase.swift in Sources */,
				045E3FA7297D061D003351A7 /* MockTickerListRepository.swift in Sources */,
				045E3F9B297D02C2003351A7 /* ErrorStateView.swift in Sources */,
				04C05EBE297CF82000E56BE0 /* TickerListRowData.swift in Sources */,
				04C05EC1297CF8EA00E56BE0 /* TickerListRowView.swift in Sources */,
			);
			runOnlyForDeploymentPostprocessing = 0;
		};
/* End PBXSourcesBuildPhase section */

/* Begin XCBuildConfiguration section */
		04C05EB3297CF11600E56BE0 /* Debug */ = {
			isa = XCBuildConfiguration;
			buildSettings = {
				ALWAYS_SEARCH_USER_PATHS = NO;
				CLANG_ANALYZER_NONNULL = YES;
				CLANG_ANALYZER_NUMBER_OBJECT_CONVERSION = YES_AGGRESSIVE;
				CLANG_CXX_LANGUAGE_STANDARD = "gnu++20";
				CLANG_ENABLE_MODULES = YES;
				CLANG_ENABLE_OBJC_ARC = YES;
				CLANG_ENABLE_OBJC_WEAK = YES;
				CLANG_WARN_BLOCK_CAPTURE_AUTORELEASING = YES;
				CLANG_WARN_BOOL_CONVERSION = YES;
				CLANG_WARN_COMMA = YES;
				CLANG_WARN_CONSTANT_CONVERSION = YES;
				CLANG_WARN_DEPRECATED_OBJC_IMPLEMENTATIONS = YES;
				CLANG_WARN_DIRECT_OBJC_ISA_USAGE = YES_ERROR;
				CLANG_WARN_DOCUMENTATION_COMMENTS = YES;
				CLANG_WARN_EMPTY_BODY = YES;
				CLANG_WARN_ENUM_CONVERSION = YES;
				CLANG_WARN_INFINITE_RECURSION = YES;
				CLANG_WARN_INT_CONVERSION = YES;
				CLANG_WARN_NON_LITERAL_NULL_CONVERSION = YES;
				CLANG_WARN_OBJC_IMPLICIT_RETAIN_SELF = YES;
				CLANG_WARN_OBJC_LITERAL_CONVERSION = YES;
				CLANG_WARN_OBJC_ROOT_CLASS = YES_ERROR;
				CLANG_WARN_QUOTED_INCLUDE_IN_FRAMEWORK_HEADER = YES;
				CLANG_WARN_RANGE_LOOP_ANALYSIS = YES;
				CLANG_WARN_STRICT_PROTOTYPES = YES;
				CLANG_WARN_SUSPICIOUS_MOVE = YES;
				CLANG_WARN_UNGUARDED_AVAILABILITY = YES_AGGRESSIVE;
				CLANG_WARN_UNREACHABLE_CODE = YES;
				CLANG_WARN__DUPLICATE_METHOD_MATCH = YES;
				COPY_PHASE_STRIP = NO;
				DEBUG_INFORMATION_FORMAT = dwarf;
				ENABLE_STRICT_OBJC_MSGSEND = YES;
				ENABLE_TESTABILITY = YES;
				GCC_C_LANGUAGE_STANDARD = gnu11;
				GCC_DYNAMIC_NO_PIC = NO;
				GCC_NO_COMMON_BLOCKS = YES;
				GCC_OPTIMIZATION_LEVEL = 0;
				GCC_PREPROCESSOR_DEFINITIONS = (
					"DEBUG=1",
					"$(inherited)",
				);
				GCC_WARN_64_TO_32_BIT_CONVERSION = YES;
				GCC_WARN_ABOUT_RETURN_TYPE = YES_ERROR;
				GCC_WARN_UNDECLARED_SELECTOR = YES;
				GCC_WARN_UNINITIALIZED_AUTOS = YES_AGGRESSIVE;
				GCC_WARN_UNUSED_FUNCTION = YES;
				GCC_WARN_UNUSED_VARIABLE = YES;
				IPHONEOS_DEPLOYMENT_TARGET = 16.2;
				MTL_ENABLE_DEBUG_INFO = INCLUDE_SOURCE;
				MTL_FAST_MATH = YES;
				ONLY_ACTIVE_ARCH = YES;
				SDKROOT = iphoneos;
				SWIFT_ACTIVE_COMPILATION_CONDITIONS = DEBUG;
				SWIFT_OPTIMIZATION_LEVEL = "-Onone";
			};
			name = Debug;
		};
		04C05EB4297CF11600E56BE0 /* Release */ = {
			isa = XCBuildConfiguration;
			buildSettings = {
				ALWAYS_SEARCH_USER_PATHS = NO;
				CLANG_ANALYZER_NONNULL = YES;
				CLANG_ANALYZER_NUMBER_OBJECT_CONVERSION = YES_AGGRESSIVE;
				CLANG_CXX_LANGUAGE_STANDARD = "gnu++20";
				CLANG_ENABLE_MODULES = YES;
				CLANG_ENABLE_OBJC_ARC = YES;
				CLANG_ENABLE_OBJC_WEAK = YES;
				CLANG_WARN_BLOCK_CAPTURE_AUTORELEASING = YES;
				CLANG_WARN_BOOL_CONVERSION = YES;
				CLANG_WARN_COMMA = YES;
				CLANG_WARN_CONSTANT_CONVERSION = YES;
				CLANG_WARN_DEPRECATED_OBJC_IMPLEMENTATIONS = YES;
				CLANG_WARN_DIRECT_OBJC_ISA_USAGE = YES_ERROR;
				CLANG_WARN_DOCUMENTATION_COMMENTS = YES;
				CLANG_WARN_EMPTY_BODY = YES;
				CLANG_WARN_ENUM_CONVERSION = YES;
				CLANG_WARN_INFINITE_RECURSION = YES;
				CLANG_WARN_INT_CONVERSION = YES;
				CLANG_WARN_NON_LITERAL_NULL_CONVERSION = YES;
				CLANG_WARN_OBJC_IMPLICIT_RETAIN_SELF = YES;
				CLANG_WARN_OBJC_LITERAL_CONVERSION = YES;
				CLANG_WARN_OBJC_ROOT_CLASS = YES_ERROR;
				CLANG_WARN_QUOTED_INCLUDE_IN_FRAMEWORK_HEADER = YES;
				CLANG_WARN_RANGE_LOOP_ANALYSIS = YES;
				CLANG_WARN_STRICT_PROTOTYPES = YES;
				CLANG_WARN_SUSPICIOUS_MOVE = YES;
				CLANG_WARN_UNGUARDED_AVAILABILITY = YES_AGGRESSIVE;
				CLANG_WARN_UNREACHABLE_CODE = YES;
				CLANG_WARN__DUPLICATE_METHOD_MATCH = YES;
				COPY_PHASE_STRIP = NO;
				DEBUG_INFORMATION_FORMAT = "dwarf-with-dsym";
				ENABLE_NS_ASSERTIONS = NO;
				ENABLE_STRICT_OBJC_MSGSEND = YES;
				GCC_C_LANGUAGE_STANDARD = gnu11;
				GCC_NO_COMMON_BLOCKS = YES;
				GCC_WARN_64_TO_32_BIT_CONVERSION = YES;
				GCC_WARN_ABOUT_RETURN_TYPE = YES_ERROR;
				GCC_WARN_UNDECLARED_SELECTOR = YES;
				GCC_WARN_UNINITIALIZED_AUTOS = YES_AGGRESSIVE;
				GCC_WARN_UNUSED_FUNCTION = YES;
				GCC_WARN_UNUSED_VARIABLE = YES;
				IPHONEOS_DEPLOYMENT_TARGET = 16.2;
				MTL_ENABLE_DEBUG_INFO = NO;
				MTL_FAST_MATH = YES;
				SDKROOT = iphoneos;
				SWIFT_COMPILATION_MODE = wholemodule;
				SWIFT_OPTIMIZATION_LEVEL = "-O";
				VALIDATE_PRODUCT = YES;
			};
			name = Release;
		};
		04C05EB6297CF11600E56BE0 /* Debug */ = {
			isa = XCBuildConfiguration;
			buildSettings = {
				ASSETCATALOG_COMPILER_APPICON_NAME = AppIcon;
				ASSETCATALOG_COMPILER_GLOBAL_ACCENT_COLOR_NAME = AccentColor;
				CODE_SIGN_STYLE = Automatic;
				CURRENT_PROJECT_VERSION = 1;
				DEVELOPMENT_ASSET_PATHS = "\"SwiftChartStocks/Preview Content\"";
				DEVELOPMENT_TEAM = Z2K7G5MR42;
				ENABLE_PREVIEWS = YES;
				GENERATE_INFOPLIST_FILE = YES;
				INFOPLIST_KEY_UIApplicationSceneManifest_Generation = YES;
				INFOPLIST_KEY_UIApplicationSupportsIndirectInputEvents = YES;
				INFOPLIST_KEY_UILaunchScreen_Generation = YES;
				INFOPLIST_KEY_UISupportedInterfaceOrientations_iPad = "UIInterfaceOrientationPortrait UIInterfaceOrientationPortraitUpsideDown UIInterfaceOrientationLandscapeLeft UIInterfaceOrientationLandscapeRight";
				INFOPLIST_KEY_UISupportedInterfaceOrientations_iPhone = "UIInterfaceOrientationPortrait UIInterfaceOrientationLandscapeLeft UIInterfaceOrientationLandscapeRight";
				LD_RUNPATH_SEARCH_PATHS = (
					"$(inherited)",
					"@executable_path/Frameworks",
				);
				MARKETING_VERSION = 1.0;
				PRODUCT_BUNDLE_IDENTIFIER = com.crushtech.SwiftChartStocks;
				PRODUCT_NAME = "$(TARGET_NAME)";
				SWIFT_EMIT_LOC_STRINGS = YES;
				SWIFT_VERSION = 5.0;
				TARGETED_DEVICE_FAMILY = "1,2";
			};
			name = Debug;
		};
		04C05EB7297CF11600E56BE0 /* Release */ = {
			isa = XCBuildConfiguration;
			buildSettings = {
				ASSETCATALOG_COMPILER_APPICON_NAME = AppIcon;
				ASSETCATALOG_COMPILER_GLOBAL_ACCENT_COLOR_NAME = AccentColor;
				CODE_SIGN_STYLE = Automatic;
				CURRENT_PROJECT_VERSION = 1;
				DEVELOPMENT_ASSET_PATHS = "\"SwiftChartStocks/Preview Content\"";
				DEVELOPMENT_TEAM = Z2K7G5MR42;
				ENABLE_PREVIEWS = YES;
				GENERATE_INFOPLIST_FILE = YES;
				INFOPLIST_KEY_UIApplicationSceneManifest_Generation = YES;
				INFOPLIST_KEY_UIApplicationSupportsIndirectInputEvents = YES;
				INFOPLIST_KEY_UILaunchScreen_Generation = YES;
				INFOPLIST_KEY_UISupportedInterfaceOrientations_iPad = "UIInterfaceOrientationPortrait UIInterfaceOrientationPortraitUpsideDown UIInterfaceOrientationLandscapeLeft UIInterfaceOrientationLandscapeRight";
				INFOPLIST_KEY_UISupportedInterfaceOrientations_iPhone = "UIInterfaceOrientationPortrait UIInterfaceOrientationLandscapeLeft UIInterfaceOrientationLandscapeRight";
				LD_RUNPATH_SEARCH_PATHS = (
					"$(inherited)",
					"@executable_path/Frameworks",
				);
				MARKETING_VERSION = 1.0;
				PRODUCT_BUNDLE_IDENTIFIER = com.crushtech.SwiftChartStocks;
				PRODUCT_NAME = "$(TARGET_NAME)";
				SWIFT_EMIT_LOC_STRINGS = YES;
				SWIFT_VERSION = 5.0;
				TARGETED_DEVICE_FAMILY = "1,2";
			};
			name = Release;
		};
/* End XCBuildConfiguration section */

/* Begin XCConfigurationList section */
		04C05EA2297CF11400E56BE0 /* Build configuration list for PBXProject "SwiftChartStocks" */ = {
			isa = XCConfigurationList;
			buildConfigurations = (
				04C05EB3297CF11600E56BE0 /* Debug */,
				04C05EB4297CF11600E56BE0 /* Release */,
			);
			defaultConfigurationIsVisible = 0;
			defaultConfigurationName = Release;
		};
		04C05EB5297CF11600E56BE0 /* Build configuration list for PBXNativeTarget "SwiftChartStocks" */ = {
			isa = XCConfigurationList;
			buildConfigurations = (
				04C05EB6297CF11600E56BE0 /* Debug */,
				04C05EB7297CF11600E56BE0 /* Release */,
			);
			defaultConfigurationIsVisible = 0;
			defaultConfigurationName = Release;
		};
/* End XCConfigurationList section */

/* Begin XCRemoteSwiftPackageReference section */
		04C05EB8297CF16E00E56BE0 /* XCRemoteSwiftPackageReference "XCAStocksAPI" */ = {
			isa = XCRemoteSwiftPackageReference;
			repositoryURL = "https://github.com/AbGhost-cyber/XCAStocksAPI";
			requirement = {
				branch = main;
				kind = branch;
			};
		};
/* End XCRemoteSwiftPackageReference section */

/* Begin XCSwiftPackageProductDependency section */
		04C05EB9297CF16F00E56BE0 /* XCAStocksAPI */ = {
			isa = XCSwiftPackageProductDependency;
			package = 04C05EB8297CF16E00E56BE0 /* XCRemoteSwiftPackageReference "XCAStocksAPI" */;
			productName = XCAStocksAPI;
		};
/* End XCSwiftPackageProductDependency section */
	};
	rootObject = 04C05E9F297CF11400E56BE0 /* Project object */;
}
